
Microsoft Visual Studio Solution File, Format Version 12.00
# Visual Studio Version 16
VisualStudioVersion = 16.0.810.19
MinimumVisualStudioVersion = 10.0.40219.1
Project("{FAE04EC0-301F-11D3-BF4B-00C04F79EFBC}") = "ClassCar", "ClassCar\ClassCar.csproj", "{0FD399CD-80AF-4092-9EAD-122E32F223BD}"
EndProject
Global
	GlobalSection(SolutionConfigurationPlatforms) = preSolution
		Debug|Any CPU = Debug|Any CPU
		Release|Any CPU = Release|Any CPU
	EndGlobalSection
	GlobalSection(ProjectConfigurationPlatforms) = postSolution
		{0FD399CD-80AF-4092-9EAD-122E32F223BD}.Debug|Any CPU.ActiveCfg = Debug|Any CPU
		{0FD399CD-80AF-4092-9EAD-122E32F223BD}.Debug|Any CPU.Build.0 = Debug|Any CPU
		{0FD399CD-80AF-4092-9EAD-122E32F223BD}.Release|Any CPU.ActiveCfg = Release|Any CPU
		{0FD399CD-80AF-4092-9EAD-122E32F223BD}.Release|Any CPU.Build.0 = Release|Any CPU
	EndGlobalSection
	GlobalSection(SolutionProperties) = preSolution
		HideSolutionNode = FALSE
	EndGlobalSection
	GlobalSection(ExtensibilityGlobals) = postSolution
		SolutionGuid = {37252DFA-0045-4D8C-8380-4978070A4516}
	EndGlobalSection
EndGlobal
